
Microsoft Visual Studio Solution File, Format Version 12.00
# Visual Studio Version 17
VisualStudioVersion = 17.6.33723.286
MinimumVisualStudioVersion = 10.0.40219.1
Project("{FAE04EC0-301F-11D3-BF4B-00C04F79EFBC}") = "ExceptionPrac31", "ExceptionPrac31\ExceptionPrac31.csproj", "{58D590B9-BEEC-4EA3-85BF-2B33B40A178F}"
EndProject
Global
	GlobalSection(SolutionConfigurationPlatforms) = preSolution
		Debug|Any CPU = Debug|Any CPU
		Release|Any CPU = Release|Any CPU
	EndGlobalSection
	GlobalSection(ProjectConfigurationPlatforms) = postSolution
		{58D590B9-BEEC-4EA3-85BF-2B33B40A178F}.Debug|Any CPU.ActiveCfg = Debug|Any CPU
		{58D590B9-BEEC-4EA3-85BF-2B33B40A178F}.Debug|Any CPU.Build.0 = Debug|Any CPU
		{58D590B9-BEEC-4EA3-85BF-2B33B40A178F}.Release|Any CPU.ActiveCfg = Release|Any CPU
		{58D590B9-BEEC-4EA3-85BF-2B33B40A178F}.Release|Any CPU.Build.0 = Release|Any CPU
	EndGlobalSection
	GlobalSection(SolutionProperties) = preSolution
		HideSolutionNode = FALSE
	EndGlobalSection
	GlobalSection(ExtensibilityGlobals) = postSolution
		SolutionGuid = {8B20CC6C-39EA-492F-824A-93A5759A12AC}
	EndGlobalSection
EndGlobal
